
Microsoft Visual Studio Solution File, Format Version 12.00
# Visual Studio Version 17
VisualStudioVersion = 17.4.33213.308
MinimumVisualStudioVersion = 10.0.40219.1
Project("{FAE04EC0-301F-11D3-BF4B-00C04F79EFBC}") = "WebForm_P7", "WebForm_P7\WebForm_P7.csproj", "{A8F218B7-22E4-4B01-89D2-DF3DEE464539}"
EndProject
Global
	GlobalSection(SolutionConfigurationPlatforms) = preSolution
		Debug|Any CPU = Debug|Any CPU
		Release|Any CPU = Release|Any CPU
	EndGlobalSection
	GlobalSection(ProjectConfigurationPlatforms) = postSolution
		{A8F218B7-22E4-4B01-89D2-DF3DEE464539}.Debug|Any CPU.ActiveCfg = Debug|Any CPU
		{A8F218B7-22E4-4B01-89D2-DF3DEE464539}.Debug|Any CPU.Build.0 = Debug|Any CPU
		{A8F218B7-22E4-4B01-89D2-DF3DEE464539}.Release|Any CPU.ActiveCfg = Release|Any CPU
		{A8F218B7-22E4-4B01-89D2-DF3DEE464539}.Release|Any CPU.Build.0 = Release|Any CPU
	EndGlobalSection
	GlobalSection(SolutionProperties) = preSolution
		HideSolutionNode = FALSE
	EndGlobalSection
	GlobalSection(ExtensibilityGlobals) = postSolution
		SolutionGuid = {54872027-2EF9-4FA3-A516-F8690C8CB8B8}
	EndGlobalSection
EndGlobal
